{
  "name": "entx",
  "version": "0.0.0",
  "lockfileVersion": 3,
  "requires": true,
  "packages": {
    "": {
      "name": "entx",
      "version": "0.0.0",
      "dependencies": {
        "sin": "file:../../sin",
        "sinewy": "file:.."
      }
    },
    "..": {
      "version": "0.0.0",
      "dependencies": {
        "sin": "file:../sin"
      },
      "devDependencies": {
        "marked": "18.0.11",
        "typescript": "4.9.5"
      },
      "engines": {
        "node": ">=20.11"
      }
    },
    "../../sin": {
      "version": "1.0.0-rc.1",
      "hasInstallScript": true,
      "dependencies": {
        "esbuild": "0.24.0"
      },
      "bin": {
        "sin": "bin/index.js"
      },
      "engines": {
        "node": ">=20.11"
      },
      "funding": {
        "type": "individual",
        "url": "https://github.com/sponsors/porsager"
      }
    },
    "../../sin/node_modules/.sin/esbuild@0.24.0/node_modules/esbuild": {
      "version": "0.24.0",
      "hasInstallScript": true,
      "license": "MIT",
      "bin": {
        "esbuild": "bin/esbuild"
      },
      "engines": {
        "node": ">=18"
      },
      "optionalDependencies": {
        "@esbuild/aix-ppc64": "0.24.0",
        "@esbuild/android-arm": "0.24.0",
        "@esbuild/android-arm64": "0.24.0",
        "@esbuild/android-x64": "0.24.0",
        "@esbuild/darwin-arm64": "0.24.0",
        "@esbuild/darwin-x64": "0.24.0",
        "@esbuild/freebsd-arm64": "0.24.0",
        "@esbuild/freebsd-x64": "0.24.0",
        "@esbuild/linux-arm": "0.24.0",
        "@esbuild/linux-arm64": "0.24.0",
        "@esbuild/linux-ia32": "0.24.0",
        "@esbuild/linux-loong64": "0.24.0",
        "@esbuild/linux-mips64el": "0.24.0",
        "@esbuild/linux-ppc64": "0.24.0",
        "@esbuild/linux-riscv64": "0.24.0",
        "@esbuild/linux-s390x": "0.24.0",
        "@esbuild/linux-x64": "0.24.0",
        "@esbuild/netbsd-x64": "0.24.0",
        "@esbuild/openbsd-arm64": "0.24.0",
        "@esbuild/openbsd-x64": "0.24.0",
        "@esbuild/sunos-x64": "0.24.0",
        "@esbuild/win32-arm64": "0.24.0",
        "@esbuild/win32-ia32": "0.24.0",
        "@esbuild/win32-x64": "0.24.0"
      }
    },
    "../../sin/node_modules/esbuild": {
      "resolved": "../../sin/node_modules/.sin/esbuild@0.24.0/node_modules/esbuild",
      "link": true
    },
    "../node_modules/marked": {
      "version": "18.0.11",
      "dev": true,
      "license": "MIT",
      "bin": {
        "marked": "bin/marked.js"
      },
      "engines": {
        "node": ">= 20"
      }
    },
    "../node_modules/sin": {
      "resolved": "../../sin",
      "link": true
    },
    "../node_modules/typescript": {
      "version": "4.9.5",
      "dev": true,
      "license": "Apache-2.0",
      "bin": {
        "tsc": "bin/tsc",
        "tsserver": "bin/tsserver"
      },
      "engines": {
        "node": ">=4.2.0"
      }
    },
    "node_modules/sin": {
      "resolved": "../../sin",
      "link": true
    },
    "node_modules/sinewy": {
      "resolved": "..",
      "link": true
    }
  }
}
